{
  "requires": true,
  "lockfileVersion": 1,
  "dependencies": {
    "@fortawesome/fontawesome-pro": {
      "version": "5.8.0",
      "resolved": "https://npm.fontawesome.com/@fortawesome/fontawesome-pro/-/fontawesome-pro-5.8.0.tgz",
      "integrity": "sha512-5M5I8P0duQGTQd4atLlvOEQ1wEt9g7pH+lxkr8Zoimv3+Vni13FP9/UY/go4BHcjg6CcDYeCbzMQuUnFrhlXtw==",
      "dev": true
    }
  }
}
